
Microsoft Visual Studio Solution File, Format Version 12.00
# Visual Studio 15
VisualStudioVersion = 15.0.27703.2042
MinimumVisualStudioVersion = 10.0.40219.1
Project("{9092AA53-FB77-4645-B42D-1CCCA6BD08BD}") = "ExpressForeignLanguage", "ExpressForeignLanguage\ExpressForeignLanguage.njsproj", "{5AF93632-80D2-49B0-A0D8-D60CE49A33DD}"
EndProject
Global
	GlobalSection(SolutionConfigurationPlatforms) = preSolution
		Debug|Any CPU = Debug|Any CPU
		Release|Any CPU = Release|Any CPU
	EndGlobalSection
	GlobalSection(ProjectConfigurationPlatforms) = postSolution
		{5AF93632-80D2-49B0-A0D8-D60CE49A33DD}.Debug|Any CPU.ActiveCfg = Debug|Any CPU
		{5AF93632-80D2-49B0-A0D8-D60CE49A33DD}.Debug|Any CPU.Build.0 = Debug|Any CPU
		{5AF93632-80D2-49B0-A0D8-D60CE49A33DD}.Release|Any CPU.ActiveCfg = Release|Any CPU
		{5AF93632-80D2-49B0-A0D8-D60CE49A33DD}.Release|Any CPU.Build.0 = Release|Any CPU
	EndGlobalSection
	GlobalSection(SolutionProperties) = preSolution
		HideSolutionNode = FALSE
	EndGlobalSection
	GlobalSection(ExtensibilityGlobals) = postSolution
		SolutionGuid = {E9052B5B-75BC-43A1-B954-D7919ECBD8DE}
	EndGlobalSection
EndGlobal
